
Microsoft Visual Studio Solution File, Format Version 12.00
# Visual Studio Version 16
VisualStudioVersion = 16.0.29215.179
MinimumVisualStudioVersion = 10.0.40219.1
Project("{9A19103F-16F7-4668-BE54-9A1E7A4F7556}") = "SteamInviteHelper-ASF", "SteamInviteHelper-ASF\SteamInviteHelper-ASF.csproj", "{F28F8876-0E5B-4193-99A2-49A12E5E5B1D}"
	ProjectSection(ProjectDependencies) = postProject
		{08304F2C-9AFB-4D28-8079-CAC65566E591} = {08304F2C-9AFB-4D28-8079-CAC65566E591}
	EndProjectSection
EndProject
Project("{9A19103F-16F7-4668-BE54-9A1E7A4F7556}") = "ArchiSteamFarm", "ArchiSteamFarm\ArchiSteamFarm\ArchiSteamFarm.csproj", "{08304F2C-9AFB-4D28-8079-CAC65566E591}"
EndProject
Global
	GlobalSection(SolutionConfigurationPlatforms) = preSolution
		Debug|Any CPU = Debug|Any CPU
		Release|Any CPU = Release|Any CPU
	EndGlobalSection
	GlobalSection(ProjectConfigurationPlatforms) = postSolution
		{F28F8876-0E5B-4193-99A2-49A12E5E5B1D}.Debug|Any CPU.ActiveCfg = Debug|Any CPU
		{F28F8876-0E5B-4193-99A2-49A12E5E5B1D}.Debug|Any CPU.Build.0 = Debug|Any CPU
		{F28F8876-0E5B-4193-99A2-49A12E5E5B1D}.Release|Any CPU.ActiveCfg = Release|Any CPU
		{F28F8876-0E5B-4193-99A2-49A12E5E5B1D}.Release|Any CPU.Build.0 = Release|Any CPU
		{08304F2C-9AFB-4D28-8079-CAC65566E591}.Debug|Any CPU.ActiveCfg = Debug|Any CPU
		{08304F2C-9AFB-4D28-8079-CAC65566E591}.Debug|Any CPU.Build.0 = Debug|Any CPU
		{08304F2C-9AFB-4D28-8079-CAC65566E591}.Release|Any CPU.ActiveCfg = Release|Any CPU
		{08304F2C-9AFB-4D28-8079-CAC65566E591}.Release|Any CPU.Build.0 = Release|Any CPU
	EndGlobalSection
	GlobalSection(SolutionProperties) = preSolution
		HideSolutionNode = FALSE
	EndGlobalSection
	GlobalSection(ExtensibilityGlobals) = postSolution
		SolutionGuid = {FEC833BC-3FB6-4126-BD02-31F269B8CB75}
	EndGlobalSection
EndGlobal
